
Microsoft Visual Studio Solution File, Format Version 12.00
# Visual Studio 15
Project("{FAE04EC0-301F-11D3-BF4B-00C04F79EFBC}") = "HTMLHelpers", "HTMLHelpers\HTMLHelpers.csproj", "{002C3239-8B8A-4E72-8B9B-C8333C701220}"
EndProject
Global
	GlobalSection(SolutionConfigurationPlatforms) = preSolution
		Debug|Any CPU = Debug|Any CPU
		Release|Any CPU = Release|Any CPU
	EndGlobalSection
	GlobalSection(ProjectConfigurationPlatforms) = postSolution
		{002C3239-8B8A-4E72-8B9B-C8333C701220}.Debug|Any CPU.ActiveCfg = Debug|Any CPU
		{002C3239-8B8A-4E72-8B9B-C8333C701220}.Debug|Any CPU.Build.0 = Debug|Any CPU
		{002C3239-8B8A-4E72-8B9B-C8333C701220}.Release|Any CPU.ActiveCfg = Release|Any CPU
		{002C3239-8B8A-4E72-8B9B-C8333C701220}.Release|Any CPU.Build.0 = Release|Any CPU
	EndGlobalSection
EndGlobal
